
Microsoft Visual Studio Solution File, Format Version 12.00
# Visual Studio Version 17
VisualStudioVersion = 17.0.32014.148
MinimumVisualStudioVersion = 10.0.40219.1
Project("{9A19103F-16F7-4668-BE54-9A1E7A4F7556}") = "PokerHards.Tests", "PokerHards.Tests\PokerHards.Tests.csproj", "{D501722B-268A-4E2C-80F5-4081671AE8B3}"
EndProject
Project("{2150E333-8FDC-42A3-9474-1A3956D46DE8}") = "Src", "Src", "{F7F117A4-EAAE-4C10-B8D9-6E5D2E6316A8}"
EndProject
Project("{2150E333-8FDC-42A3-9474-1A3956D46DE8}") = "Tests", "Tests", "{87AAD80E-9119-4B95-B2AA-1C103AADA0F8}"
EndProject
Project("{FAE04EC0-301F-11D3-BF4B-00C04F79EFBC}") = "PokerHands", "PokerHands\PokerHands.csproj", "{6930E043-2011-436E-8966-51680328EE90}"
EndProject
Global
	GlobalSection(SolutionConfigurationPlatforms) = preSolution
		Debug|Any CPU = Debug|Any CPU
		Release|Any CPU = Release|Any CPU
	EndGlobalSection
	GlobalSection(ProjectConfigurationPlatforms) = postSolution
		{D501722B-268A-4E2C-80F5-4081671AE8B3}.Debug|Any CPU.ActiveCfg = Debug|Any CPU
		{D501722B-268A-4E2C-80F5-4081671AE8B3}.Debug|Any CPU.Build.0 = Debug|Any CPU
		{D501722B-268A-4E2C-80F5-4081671AE8B3}.Release|Any CPU.ActiveCfg = Release|Any CPU
		{D501722B-268A-4E2C-80F5-4081671AE8B3}.Release|Any CPU.Build.0 = Release|Any CPU
		{6930E043-2011-436E-8966-51680328EE90}.Debug|Any CPU.ActiveCfg = Debug|Any CPU
		{6930E043-2011-436E-8966-51680328EE90}.Debug|Any CPU.Build.0 = Debug|Any CPU
		{6930E043-2011-436E-8966-51680328EE90}.Release|Any CPU.ActiveCfg = Release|Any CPU
		{6930E043-2011-436E-8966-51680328EE90}.Release|Any CPU.Build.0 = Release|Any CPU
	EndGlobalSection
	GlobalSection(SolutionProperties) = preSolution
		HideSolutionNode = FALSE
	EndGlobalSection
	GlobalSection(NestedProjects) = preSolution
		{D501722B-268A-4E2C-80F5-4081671AE8B3} = {87AAD80E-9119-4B95-B2AA-1C103AADA0F8}
		{6930E043-2011-436E-8966-51680328EE90} = {F7F117A4-EAAE-4C10-B8D9-6E5D2E6316A8}
	EndGlobalSection
	GlobalSection(ExtensibilityGlobals) = postSolution
		SolutionGuid = {B190AA54-BABF-4DE8-BDCD-DBF56B1A62E8}
	EndGlobalSection
EndGlobal
